
Microsoft Visual Studio Solution File, Format Version 12.00
# Visual Studio Version 16
VisualStudioVersion = 16.0.31515.178
MinimumVisualStudioVersion = 10.0.40219.1
Project("{FAE04EC0-301F-11D3-BF4B-00C04F79EFBC}") = "StokTakip", "StokTakip\StokTakip.csproj", "{57DB6CB3-91E0-429E-8CE1-E3140787242A}"
EndProject
Global
	GlobalSection(SolutionConfigurationPlatforms) = preSolution
		Debug|Any CPU = Debug|Any CPU
		Release|Any CPU = Release|Any CPU
	EndGlobalSection
	GlobalSection(ProjectConfigurationPlatforms) = postSolution
		{57DB6CB3-91E0-429E-8CE1-E3140787242A}.Debug|Any CPU.ActiveCfg = Debug|Any CPU
		{57DB6CB3-91E0-429E-8CE1-E3140787242A}.Debug|Any CPU.Build.0 = Debug|Any CPU
		{57DB6CB3-91E0-429E-8CE1-E3140787242A}.Release|Any CPU.ActiveCfg = Release|Any CPU
		{57DB6CB3-91E0-429E-8CE1-E3140787242A}.Release|Any CPU.Build.0 = Release|Any CPU
	EndGlobalSection
	GlobalSection(SolutionProperties) = preSolution
		HideSolutionNode = FALSE
	EndGlobalSection
	GlobalSection(ExtensibilityGlobals) = postSolution
		SolutionGuid = {77F097E5-005A-4759-AE39-E3F17000C2CA}
	EndGlobalSection
EndGlobal
